
Microsoft Visual Studio Solution File, Format Version 12.00
# Visual Studio Version 16
VisualStudioVersion = 16.0.30114.105
MinimumVisualStudioVersion = 10.0.40219.1
Project("{FAE04EC0-301F-11D3-BF4B-00C04F79EFBC}") = "Figures", "Figures\Figures.csproj", "{29248A81-7E79-4568-B473-3126A9C7474D}"
EndProject
Project("{FAE04EC0-301F-11D3-BF4B-00C04F79EFBC}") = "Figure.Tests", "Figure.Tests\Figure.Tests.csproj", "{7346CD95-2524-4FA6-94F5-060B67AE0E4C}"
EndProject
Global
	GlobalSection(SolutionConfigurationPlatforms) = preSolution
		Debug|Any CPU = Debug|Any CPU
		Release|Any CPU = Release|Any CPU
	EndGlobalSection
	GlobalSection(SolutionProperties) = preSolution
		HideSolutionNode = FALSE
	EndGlobalSection
	GlobalSection(ProjectConfigurationPlatforms) = postSolution
		{29248A81-7E79-4568-B473-3126A9C7474D}.Debug|Any CPU.ActiveCfg = Debug|Any CPU
		{29248A81-7E79-4568-B473-3126A9C7474D}.Debug|Any CPU.Build.0 = Debug|Any CPU
		{29248A81-7E79-4568-B473-3126A9C7474D}.Release|Any CPU.ActiveCfg = Release|Any CPU
		{29248A81-7E79-4568-B473-3126A9C7474D}.Release|Any CPU.Build.0 = Release|Any CPU
		{7346CD95-2524-4FA6-94F5-060B67AE0E4C}.Debug|Any CPU.ActiveCfg = Debug|Any CPU
		{7346CD95-2524-4FA6-94F5-060B67AE0E4C}.Debug|Any CPU.Build.0 = Debug|Any CPU
		{7346CD95-2524-4FA6-94F5-060B67AE0E4C}.Release|Any CPU.ActiveCfg = Release|Any CPU
		{7346CD95-2524-4FA6-94F5-060B67AE0E4C}.Release|Any CPU.Build.0 = Release|Any CPU
	EndGlobalSection
EndGlobal
